
Microsoft Visual Studio Solution File, Format Version 12.00
# Visual Studio Version 16
VisualStudioVersion = 16.0.30907.101
MinimumVisualStudioVersion = 10.0.40219.1
Project("{FAE04EC0-301F-11D3-BF4B-00C04F79EFBC}") = "AzureDevOpsCICDApp", "AzureDevOpsCICDApp\AzureDevOpsCICDApp.csproj", "{B1C496B4-476B-4DAA-9678-5336BE6D49A9}"
EndProject
Global
	GlobalSection(SolutionConfigurationPlatforms) = preSolution
		Debug|Any CPU = Debug|Any CPU
		Release|Any CPU = Release|Any CPU
	EndGlobalSection
	GlobalSection(ProjectConfigurationPlatforms) = postSolution
		{B1C496B4-476B-4DAA-9678-5336BE6D49A9}.Debug|Any CPU.ActiveCfg = Debug|Any CPU
		{B1C496B4-476B-4DAA-9678-5336BE6D49A9}.Debug|Any CPU.Build.0 = Debug|Any CPU
		{B1C496B4-476B-4DAA-9678-5336BE6D49A9}.Release|Any CPU.ActiveCfg = Release|Any CPU
		{B1C496B4-476B-4DAA-9678-5336BE6D49A9}.Release|Any CPU.Build.0 = Release|Any CPU
	EndGlobalSection
	GlobalSection(SolutionProperties) = preSolution
		HideSolutionNode = FALSE
	EndGlobalSection
	GlobalSection(ExtensibilityGlobals) = postSolution
		SolutionGuid = {426A770D-6CD0-4FD5-89DC-C80737557C60}
	EndGlobalSection
EndGlobal
